
Microsoft Visual Studio Solution File, Format Version 12.00
# Visual Studio Version 16
VisualStudioVersion = 16.0.29609.76
MinimumVisualStudioVersion = 10.0.40219.1
Project("{9A19103F-16F7-4668-BE54-9A1E7A4F7556}") = "C7", "C7.csproj", "{5DF4328C-C326-46C6-8718-320FF6071871}"
EndProject
Project("{9A19103F-16F7-4668-BE54-9A1E7A4F7556}") = "C7Engine", "..\C7Engine\C7Engine.csproj", "{FD440E96-DAB8-48DF-85FD-72F75384CA62}"
EndProject
Project("{9A19103F-16F7-4668-BE54-9A1E7A4F7556}") = "C7GameData", "..\C7GameData\C7GameData.csproj", "{4ECB5932-6D85-4953-B3D8-BD8334D792DE}"
EndProject
Project("{9A19103F-16F7-4668-BE54-9A1E7A4F7556}") = "ConvertCiv3Media", "..\ConvertCiv3Media\ConvertCiv3Media.csproj", "{A1DD1E87-6D05-49CA-8B41-5404D3727174}"
EndProject
Project("{9A19103F-16F7-4668-BE54-9A1E7A4F7556}") = "QueryCiv3", "..\QueryCiv3\QueryCiv3.csproj", "{8A49BFFF-265B-4A0A-BCF1-0E75E9EFC82F}"
EndProject
Project("{9A19103F-16F7-4668-BE54-9A1E7A4F7556}") = "Blast", "..\Blast\Blast.csproj", "{C758B0EB-9F8F-45CF-9ACB-B04705CD7FEC}"
EndProject
Project("{9A19103F-16F7-4668-BE54-9A1E7A4F7556}") = "EngineTests", "..\EngineTests\EngineTests.csproj", "{270876A6-0DC8-4150-B374-0BC9E4CC2113}"
EndProject
Project("{9A19103F-16F7-4668-BE54-9A1E7A4F7556}") = "BuildDevSave", "..\_Console\BuildDevSave\BuildDevSave.csproj", "{E66928C1-157B-42D3-AEC5-88F41C7A7846}"
EndProject
Project("{FAE04EC0-301F-11D3-BF4B-00C04F79EFBC}") = "VSStub", "VSStub\VSStub.csproj", "{D420363F-5260-42D6-883A-BC1D970B39D9}"
EndProject
Project("{FAE04EC0-301F-11D3-BF4B-00C04F79EFBC}") = "C7GameDataTests", "..\C7GameDataTests\C7GameDataTests.csproj", "{8053F185-AA52-4876-8CF4-D08907FCA61A}"
EndProject
Project("{2150E333-8FDC-42A3-9474-1A3956D46DE8}") = "Solution Items", "Solution Items", "{8C955B11-CC6A-4BED-BE2A-89DB985A3A18}"
	ProjectSection(SolutionItems) = preProject
		..\.editorconfig = ..\.editorconfig
	EndProjectSection
EndProject
Global
	GlobalSection(SolutionConfigurationPlatforms) = preSolution
		Debug|Any CPU = Debug|Any CPU
		ExportDebug|Any CPU = ExportDebug|Any CPU
		ExportRelease|Any CPU = ExportRelease|Any CPU
		Release|Any CPU = Release|Any CPU
	EndGlobalSection
	GlobalSection(ProjectConfigurationPlatforms) = postSolution
		{5DF4328C-C326-46C6-8718-320FF6071871}.Debug|Any CPU.ActiveCfg = Debug|Any CPU
		{5DF4328C-C326-46C6-8718-320FF6071871}.Debug|Any CPU.Build.0 = Debug|Any CPU
		{5DF4328C-C326-46C6-8718-320FF6071871}.ExportDebug|Any CPU.ActiveCfg = ExportDebug|Any CPU
		{5DF4328C-C326-46C6-8718-320FF6071871}.ExportDebug|Any CPU.Build.0 = ExportDebug|Any CPU
		{5DF4328C-C326-46C6-8718-320FF6071871}.ExportRelease|Any CPU.ActiveCfg = ExportRelease|Any CPU
		{5DF4328C-C326-46C6-8718-320FF6071871}.ExportRelease|Any CPU.Build.0 = ExportRelease|Any CPU
		{5DF4328C-C326-46C6-8718-320FF6071871}.Release|Any CPU.ActiveCfg = ExportRelease|Any CPU
		{5DF4328C-C326-46C6-8718-320FF6071871}.Release|Any CPU.Build.0 = ExportRelease|Any CPU
		{FD440E96-DAB8-48DF-85FD-72F75384CA62}.Debug|Any CPU.ActiveCfg = Debug|Any CPU
		{FD440E96-DAB8-48DF-85FD-72F75384CA62}.Debug|Any CPU.Build.0 = Debug|Any CPU
		{FD440E96-DAB8-48DF-85FD-72F75384CA62}.ExportDebug|Any CPU.ActiveCfg = Debug|Any CPU
		{FD440E96-DAB8-48DF-85FD-72F75384CA62}.ExportDebug|Any CPU.Build.0 = Debug|Any CPU
		{FD440E96-DAB8-48DF-85FD-72F75384CA62}.ExportRelease|Any CPU.ActiveCfg = Release|Any CPU
		{FD440E96-DAB8-48DF-85FD-72F75384CA62}.ExportRelease|Any CPU.Build.0 = Release|Any CPU
		{FD440E96-DAB8-48DF-85FD-72F75384CA62}.Release|Any CPU.ActiveCfg = Release|Any CPU
		{FD440E96-DAB8-48DF-85FD-72F75384CA62}.Release|Any CPU.Build.0 = Release|Any CPU
		{4ECB5932-6D85-4953-B3D8-BD8334D792DE}.Debug|Any CPU.ActiveCfg = Debug|Any CPU
		{4ECB5932-6D85-4953-B3D8-BD8334D792DE}.Debug|Any CPU.Build.0 = Debug|Any CPU
		{4ECB5932-6D85-4953-B3D8-BD8334D792DE}.ExportDebug|Any CPU.ActiveCfg = Debug|Any CPU
		{4ECB5932-6D85-4953-B3D8-BD8334D792DE}.ExportDebug|Any CPU.Build.0 = Debug|Any CPU
		{4ECB5932-6D85-4953-B3D8-BD8334D792DE}.ExportRelease|Any CPU.ActiveCfg = Release|Any CPU
		{4ECB5932-6D85-4953-B3D8-BD8334D792DE}.ExportRelease|Any CPU.Build.0 = Release|Any CPU
		{4ECB5932-6D85-4953-B3D8-BD8334D792DE}.Release|Any CPU.ActiveCfg = Release|Any CPU
		{4ECB5932-6D85-4953-B3D8-BD8334D792DE}.Release|Any CPU.Build.0 = Release|Any CPU
		{A1DD1E87-6D05-49CA-8B41-5404D3727174}.Debug|Any CPU.ActiveCfg = Debug|Any CPU
		{A1DD1E87-6D05-49CA-8B41-5404D3727174}.Debug|Any CPU.Build.0 = Debug|Any CPU
		{A1DD1E87-6D05-49CA-8B41-5404D3727174}.ExportDebug|Any CPU.ActiveCfg = Debug|Any CPU
		{A1DD1E87-6D05-49CA-8B41-5404D3727174}.ExportDebug|Any CPU.Build.0 = Debug|Any CPU
		{A1DD1E87-6D05-49CA-8B41-5404D3727174}.ExportRelease|Any CPU.ActiveCfg = Release|Any CPU
		{A1DD1E87-6D05-49CA-8B41-5404D3727174}.ExportRelease|Any CPU.Build.0 = Release|Any CPU
		{A1DD1E87-6D05-49CA-8B41-5404D3727174}.Release|Any CPU.ActiveCfg = Release|Any CPU
		{A1DD1E87-6D05-49CA-8B41-5404D3727174}.Release|Any CPU.Build.0 = Release|Any CPU
		{8A49BFFF-265B-4A0A-BCF1-0E75E9EFC82F}.Debug|Any CPU.ActiveCfg = Debug|Any CPU
		{8A49BFFF-265B-4A0A-BCF1-0E75E9EFC82F}.Debug|Any CPU.Build.0 = Debug|Any CPU
		{8A49BFFF-265B-4A0A-BCF1-0E75E9EFC82F}.ExportDebug|Any CPU.ActiveCfg = Debug|Any CPU
		{8A49BFFF-265B-4A0A-BCF1-0E75E9EFC82F}.ExportDebug|Any CPU.Build.0 = Debug|Any CPU
		{8A49BFFF-265B-4A0A-BCF1-0E75E9EFC82F}.ExportRelease|Any CPU.ActiveCfg = Release|Any CPU
		{8A49BFFF-265B-4A0A-BCF1-0E75E9EFC82F}.ExportRelease|Any CPU.Build.0 = Release|Any CPU
		{8A49BFFF-265B-4A0A-BCF1-0E75E9EFC82F}.Release|Any CPU.ActiveCfg = Release|Any CPU
		{8A49BFFF-265B-4A0A-BCF1-0E75E9EFC82F}.Release|Any CPU.Build.0 = Release|Any CPU
		{C758B0EB-9F8F-45CF-9ACB-B04705CD7FEC}.Debug|Any CPU.ActiveCfg = Debug|Any CPU
		{C758B0EB-9F8F-45CF-9ACB-B04705CD7FEC}.Debug|Any CPU.Build.0 = Debug|Any CPU
		{C758B0EB-9F8F-45CF-9ACB-B04705CD7FEC}.ExportDebug|Any CPU.ActiveCfg = Debug|Any CPU
		{C758B0EB-9F8F-45CF-9ACB-B04705CD7FEC}.ExportDebug|Any CPU.Build.0 = Debug|Any CPU
		{C758B0EB-9F8F-45CF-9ACB-B04705CD7FEC}.ExportRelease|Any CPU.ActiveCfg = Release|Any CPU
		{C758B0EB-9F8F-45CF-9ACB-B04705CD7FEC}.ExportRelease|Any CPU.Build.0 = Release|Any CPU
		{C758B0EB-9F8F-45CF-9ACB-B04705CD7FEC}.Release|Any CPU.ActiveCfg = Release|Any CPU
		{C758B0EB-9F8F-45CF-9ACB-B04705CD7FEC}.Release|Any CPU.Build.0 = Release|Any CPU
		{270876A6-0DC8-4150-B374-0BC9E4CC2113}.Debug|Any CPU.ActiveCfg = Debug|Any CPU
		{270876A6-0DC8-4150-B374-0BC9E4CC2113}.Debug|Any CPU.Build.0 = Debug|Any CPU
		{270876A6-0DC8-4150-B374-0BC9E4CC2113}.ExportDebug|Any CPU.ActiveCfg = Debug|Any CPU
		{270876A6-0DC8-4150-B374-0BC9E4CC2113}.ExportDebug|Any CPU.Build.0 = Debug|Any CPU
		{270876A6-0DC8-4150-B374-0BC9E4CC2113}.ExportRelease|Any CPU.ActiveCfg = Debug|Any CPU
		{270876A6-0DC8-4150-B374-0BC9E4CC2113}.ExportRelease|Any CPU.Build.0 = Debug|Any CPU
		{270876A6-0DC8-4150-B374-0BC9E4CC2113}.Release|Any CPU.ActiveCfg = Release|Any CPU
		{270876A6-0DC8-4150-B374-0BC9E4CC2113}.Release|Any CPU.Build.0 = Release|Any CPU
		{E66928C1-157B-42D3-AEC5-88F41C7A7846}.Debug|Any CPU.ActiveCfg = Debug|Any CPU
		{E66928C1-157B-42D3-AEC5-88F41C7A7846}.Debug|Any CPU.Build.0 = Debug|Any CPU
		{E66928C1-157B-42D3-AEC5-88F41C7A7846}.ExportDebug|Any CPU.ActiveCfg = Debug|Any CPU
		{E66928C1-157B-42D3-AEC5-88F41C7A7846}.ExportDebug|Any CPU.Build.0 = Debug|Any CPU
		{E66928C1-157B-42D3-AEC5-88F41C7A7846}.ExportRelease|Any CPU.ActiveCfg = Debug|Any CPU
		{E66928C1-157B-42D3-AEC5-88F41C7A7846}.ExportRelease|Any CPU.Build.0 = Debug|Any CPU
		{E66928C1-157B-42D3-AEC5-88F41C7A7846}.Release|Any CPU.ActiveCfg = Release|Any CPU
		{E66928C1-157B-42D3-AEC5-88F41C7A7846}.Release|Any CPU.Build.0 = Release|Any CPU
		{D420363F-5260-42D6-883A-BC1D970B39D9}.Debug|Any CPU.ActiveCfg = Debug|Any CPU
		{D420363F-5260-42D6-883A-BC1D970B39D9}.Debug|Any CPU.Build.0 = Debug|Any CPU
		{D420363F-5260-42D6-883A-BC1D970B39D9}.ExportDebug|Any CPU.ActiveCfg = Debug|Any CPU
		{D420363F-5260-42D6-883A-BC1D970B39D9}.ExportDebug|Any CPU.Build.0 = Debug|Any CPU
		{D420363F-5260-42D6-883A-BC1D970B39D9}.ExportRelease|Any CPU.ActiveCfg = Release|Any CPU
		{D420363F-5260-42D6-883A-BC1D970B39D9}.ExportRelease|Any CPU.Build.0 = Release|Any CPU
		{D420363F-5260-42D6-883A-BC1D970B39D9}.Release|Any CPU.ActiveCfg = Release|Any CPU
		{D420363F-5260-42D6-883A-BC1D970B39D9}.Release|Any CPU.Build.0 = Release|Any CPU
		{8053F185-AA52-4876-8CF4-D08907FCA61A}.Debug|Any CPU.ActiveCfg = Debug|Any CPU
		{8053F185-AA52-4876-8CF4-D08907FCA61A}.Debug|Any CPU.Build.0 = Debug|Any CPU
		{8053F185-AA52-4876-8CF4-D08907FCA61A}.ExportDebug|Any CPU.ActiveCfg = Debug|Any CPU
		{8053F185-AA52-4876-8CF4-D08907FCA61A}.ExportDebug|Any CPU.Build.0 = Debug|Any CPU
		{8053F185-AA52-4876-8CF4-D08907FCA61A}.ExportRelease|Any CPU.ActiveCfg = Debug|Any CPU
		{8053F185-AA52-4876-8CF4-D08907FCA61A}.ExportRelease|Any CPU.Build.0 = Debug|Any CPU
		{8053F185-AA52-4876-8CF4-D08907FCA61A}.Release|Any CPU.ActiveCfg = Release|Any CPU
		{8053F185-AA52-4876-8CF4-D08907FCA61A}.Release|Any CPU.Build.0 = Release|Any CPU
	EndGlobalSection
	GlobalSection(SolutionProperties) = preSolution
		HideSolutionNode = FALSE
	EndGlobalSection
	GlobalSection(ExtensibilityGlobals) = postSolution
		SolutionGuid = {AB9956D5-E3A9-4D2B-87FE-443D688F89AA}
	EndGlobalSection
EndGlobal
